// !$*UTF8*$!
{
	archiveVersion = 1;
	classes = {
	};
	objectVersion = 50;
	objects = {

/* Begin PBXBuildFile section */
		630C8585274CE204001E6ED7 /* LashPosType.swift in Sources */ = {isa = PBXBuildFile; fileRef = 630C8584274CE204001E6ED7 /* LashPosType.swift */; };
		630C85A2274F7B5C001E6ED7 /* SettingMainViewController.swift in Sources */ = {isa = PBXBuildFile; fileRef = 630C85A1274F7B5C001E6ED7 /* SettingMainViewController.swift */; };
		630C85A4274F7D5E001E6ED7 /* OtherMainViewController.swift in Sources */ = {isa = PBXBuildFile; fileRef = 630C85A3274F7D5E001E6ED7 /* OtherMainViewController.swift */; };
		630C85A7274F85BB001E6ED7 /* OrderRecordViewController.swift in Sources */ = {isa = PBXBuildFile; fileRef = 630C85A6274F85BB001E6ED7 /* OrderRecordViewController.swift */; };
		6317345B27422F9D00435552 /* BaseAlertViewController.swift in Sources */ = {isa = PBXBuildFile; fileRef = 6317345A27422F9D00435552 /* BaseAlertViewController.swift */; };
		6317345D2742306800435552 /* UIViewController.swift in Sources */ = {isa = PBXBuildFile; fileRef = 6317345C2742306800435552 /* UIViewController.swift */; };
		632214532744E35D003E330D /* SearchCustomsCell.swift in Sources */ = {isa = PBXBuildFile; fileRef = 632214522744E35D003E330D /* SearchCustomsCell.swift */; };
		632214562747A2B8003E330D /* EntityDelHelper.swift in Sources */ = {isa = PBXBuildFile; fileRef = 632214552747A2B8003E330D /* EntityDelHelper.swift */; };
		635C7AA9273A234E000C3CCA /* LashOrderViewController.swift in Sources */ = {isa = PBXBuildFile; fileRef = 635C7AA8273A234E000C3CCA /* LashOrderViewController.swift */; };
		635C7AAB273A23CD000C3CCA /* KeratinOrderViewController.swift in Sources */ = {isa = PBXBuildFile; fileRef = 635C7AAA273A23CD000C3CCA /* KeratinOrderViewController.swift */; };
		636F34722750887700444DC9 /* OrderRecordModel.swift in Sources */ = {isa = PBXBuildFile; fileRef = 636F34712750887700444DC9 /* OrderRecordModel.swift */; };
		636F3474275089FD00444DC9 /* OrderRecordController.swift in Sources */ = {isa = PBXBuildFile; fileRef = 636F3473275089FD00444DC9 /* OrderRecordController.swift */; };
		636F347627508AB100444DC9 /* BaseSearchController.swift in Sources */ = {isa = PBXBuildFile; fileRef = 636F347527508AB100444DC9 /* BaseSearchController.swift */; };
		637EA9C82754A18700C1DBE1 /* Customer+CoreDataClass.swift in Sources */ = {isa = PBXBuildFile; fileRef = 637EA9C62754A18700C1DBE1 /* Customer+CoreDataClass.swift */; };
		637EA9C92754A18700C1DBE1 /* Customer+CoreDataProperties.swift in Sources */ = {isa = PBXBuildFile; fileRef = 637EA9C72754A18700C1DBE1 /* Customer+CoreDataProperties.swift */; };
		637EA9CC2755B5B700C1DBE1 /* ProductType+CoreDataClass.swift in Sources */ = {isa = PBXBuildFile; fileRef = 637EA9CA2755B5B700C1DBE1 /* ProductType+CoreDataClass.swift */; };
		637EA9CD2755B5B700C1DBE1 /* ProductType+CoreDataProperties.swift in Sources */ = {isa = PBXBuildFile; fileRef = 637EA9CB2755B5B700C1DBE1 /* ProductType+CoreDataProperties.swift */; };
		637EA9D6275612F800C1DBE1 /* ProductLashBott+CoreDataClass.swift in Sources */ = {isa = PBXBuildFile; fileRef = 637EA9D2275612F800C1DBE1 /* ProductLashBott+CoreDataClass.swift */; };
		637EA9D7275612F800C1DBE1 /* ProductLashBott+CoreDataProperties.swift in Sources */ = {isa = PBXBuildFile; fileRef = 637EA9D3275612F800C1DBE1 /* ProductLashBott+CoreDataProperties.swift */; };
		637EA9D8275612F800C1DBE1 /* ProductLashTop+CoreDataClass.swift in Sources */ = {isa = PBXBuildFile; fileRef = 637EA9D4275612F800C1DBE1 /* ProductLashTop+CoreDataClass.swift */; };
		637EA9D9275612F800C1DBE1 /* ProductLashTop+CoreDataProperties.swift in Sources */ = {isa = PBXBuildFile; fileRef = 637EA9D5275612F800C1DBE1 /* ProductLashTop+CoreDataProperties.swift */; };
		63AA685C27576C2A00BD929B /* DiscountRule+CoreDataClass.swift in Sources */ = {isa = PBXBuildFile; fileRef = 63AA685A27576C2A00BD929B /* DiscountRule+CoreDataClass.swift */; };
		63AA685D27576C2A00BD929B /* DiscountRule+CoreDataProperties.swift in Sources */ = {isa = PBXBuildFile; fileRef = 63AA685B27576C2A00BD929B /* DiscountRule+CoreDataProperties.swift */; };
		63ADE6C62759B447002D1D6E /* DefaultDbDataChecker.swift in Sources */ = {isa = PBXBuildFile; fileRef = 63ADE6C52759B447002D1D6E /* DefaultDbDataChecker.swift */; };
		63ADE6C82759C536002D1D6E /* DiscountRuleType.swift in Sources */ = {isa = PBXBuildFile; fileRef = 63ADE6C72759C536002D1D6E /* DiscountRuleType.swift */; };
		63ADE6CF275A1103002D1D6E /* CustomerDiscount+CoreDataClass.swift in Sources */ = {isa = PBXBuildFile; fileRef = 63ADE6CD275A1103002D1D6E /* CustomerDiscount+CoreDataClass.swift */; };
		63ADE6D0275A1103002D1D6E /* CustomerDiscount+CoreDataProperties.swift in Sources */ = {isa = PBXBuildFile; fileRef = 63ADE6CE275A1103002D1D6E /* CustomerDiscount+CoreDataProperties.swift */; };
		63ADE6D3275F3759002D1D6E /* Order+CoreDataClass.swift in Sources */ = {isa = PBXBuildFile; fileRef = 63ADE6D1275F3759002D1D6E /* Order+CoreDataClass.swift */; };
		63ADE6D4275F3759002D1D6E /* Order+CoreDataProperties.swift in Sources */ = {isa = PBXBuildFile; fileRef = 63ADE6D2275F3759002D1D6E /* Order+CoreDataProperties.swift */; };
		63B3870A27439F6800B4A1E3 /* LashOrderController.swift in Sources */ = {isa = PBXBuildFile; fileRef = 63B3870827439F6800B4A1E3 /* LashOrderController.swift */; };
		63B3870B27439F6800B4A1E3 /* LashOrderModel.swift in Sources */ = {isa = PBXBuildFile; fileRef = 63B3870927439F6800B4A1E3 /* LashOrderModel.swift */; };
		63CA9CAC2754760E00051F7A /* BillCheckViewController.swift in Sources */ = {isa = PBXBuildFile; fileRef = 63CA9CAB2754760E00051F7A /* BillCheckViewController.swift */; };
		63CA9CAE275482AE00051F7A /* BillCheckController.swift in Sources */ = {isa = PBXBuildFile; fileRef = 63CA9CAD275482AE00051F7A /* BillCheckController.swift */; };
		63CA9CB0275482D400051F7A /* BillCheckModel.swift in Sources */ = {isa = PBXBuildFile; fileRef = 63CA9CAF275482D400051F7A /* BillCheckModel.swift */; };
		63CD4F1F272BD8500085BD4C /* LashListViewController.swift in Sources */ = {isa = PBXBuildFile; fileRef = 63CD4F1E272BD8500085BD4C /* LashListViewController.swift */; };
		63CD4F22272BDEDC0085BD4C /* LashListType.swift in Sources */ = {isa = PBXBuildFile; fileRef = 63CD4F21272BDEDC0085BD4C /* LashListType.swift */; };
		63CD4F29272FD8220085BD4C /* SearchCustomsViewController.swift in Sources */ = {isa = PBXBuildFile; fileRef = 63CD4F28272FD8220085BD4C /* SearchCustomsViewController.swift */; };
		63CD4F2D2730E38D0085BD4C /* SearchCustomsController.swift in Sources */ = {isa = PBXBuildFile; fileRef = 63CD4F2C2730E38D0085BD4C /* SearchCustomsController.swift */; };
		63CD4F2F2730E9E40085BD4C /* Observable.swift in Sources */ = {isa = PBXBuildFile; fileRef = 63CD4F2E2730E9E40085BD4C /* Observable.swift */; };
		63CD4F312730EA510085BD4C /* SearchCustomsModel.swift in Sources */ = {isa = PBXBuildFile; fileRef = 63CD4F302730EA510085BD4C /* SearchCustomsModel.swift */; };
		63CD4F372733681A0085BD4C /* EntityGetHelper.swift in Sources */ = {isa = PBXBuildFile; fileRef = 63CD4F362733681A0085BD4C /* EntityGetHelper.swift */; };
		63CD4F57273373C30085BD4C /* EntityCRUDService.swift in Sources */ = {isa = PBXBuildFile; fileRef = 63CD4F56273373C30085BD4C /* EntityCRUDService.swift */; };
		63CD4F592733C1B10085BD4C /* CoreDataCRUDTest.swift in Sources */ = {isa = PBXBuildFile; fileRef = 63CD4F582733C1B10085BD4C /* CoreDataCRUDTest.swift */; };
		63CD4F5A2733D3EF0085BD4C /* Kaleido.xcdatamodeld in Sources */ = {isa = PBXBuildFile; fileRef = A1ADDDF326E1F8E6000EBE9A /* Kaleido.xcdatamodeld */; };
		63CD4F672734E04B0085BD4C /* EntityNameDefine.swift in Sources */ = {isa = PBXBuildFile; fileRef = 63CD4F662734E04B0085BD4C /* EntityNameDefine.swift */; };
		63CD4F6C27351D250085BD4C /* EntitySetHelper.swift in Sources */ = {isa = PBXBuildFile; fileRef = 63CD4F6B27351D250085BD4C /* EntitySetHelper.swift */; };
		63CD4F6E273521450085BD4C /* UserDefaultKey.swift in Sources */ = {isa = PBXBuildFile; fileRef = 63CD4F6D273521450085BD4C /* UserDefaultKey.swift */; };
		63CD4F702738D0630085BD4C /* EntitySetHelperTest.swift in Sources */ = {isa = PBXBuildFile; fileRef = 63CD4F6F2738D0630085BD4C /* EntitySetHelperTest.swift */; };
		63D88BE4273E04B600665728 /* KeratinOrderModel.swift in Sources */ = {isa = PBXBuildFile; fileRef = 63D88BE3273E04B600665728 /* KeratinOrderModel.swift */; };
		63D88BE6273E04E800665728 /* KeratinOrderController.swift in Sources */ = {isa = PBXBuildFile; fileRef = 63D88BE5273E04E800665728 /* KeratinOrderController.swift */; };
		63D88BF52741FC2100665728 /* PayMethod+CoreDataClass.swift in Sources */ = {isa = PBXBuildFile; fileRef = 63D88BF12741FC2100665728 /* PayMethod+CoreDataClass.swift */; };
		63D88BF62741FC2100665728 /* PayMethod+CoreDataProperties.swift in Sources */ = {isa = PBXBuildFile; fileRef = 63D88BF22741FC2100665728 /* PayMethod+CoreDataProperties.swift */; };
		63E3672227425E8900FCCA77 /* ProductKeratin+CoreDataClass.swift in Sources */ = {isa = PBXBuildFile; fileRef = 63E3672027425E8900FCCA77 /* ProductKeratin+CoreDataClass.swift */; };
		63E3672327425E8900FCCA77 /* ProductKeratin+CoreDataProperties.swift in Sources */ = {isa = PBXBuildFile; fileRef = 63E3672127425E8900FCCA77 /* ProductKeratin+CoreDataProperties.swift */; };
		63E36725274384D000FCCA77 /* BaseOrderController.swift in Sources */ = {isa = PBXBuildFile; fileRef = 63E36724274384D000FCCA77 /* BaseOrderController.swift */; };
		63E7746F273B744A00F197AC /* UIColorExt.swift in Sources */ = {isa = PBXBuildFile; fileRef = 63E7746E273B744A00F197AC /* UIColorExt.swift */; };
		63F3B7D02739106E00D4C6A8 /* DateExt.swift in Sources */ = {isa = PBXBuildFile; fileRef = 63F3B7CF2739106E00D4C6A8 /* DateExt.swift */; };
		63F73FDD27425239007DC0BC /* OrderEntityType.swift in Sources */ = {isa = PBXBuildFile; fileRef = 63F73FDC27425239007DC0BC /* OrderEntityType.swift */; };
		A120DBD627268EE9009B1C7E /* ColorDefine.swift in Sources */ = {isa = PBXBuildFile; fileRef = A120DBD527268EE9009B1C7E /* ColorDefine.swift */; };
		A120DBDA27269215009B1C7E /* MainViewController.swift in Sources */ = {isa = PBXBuildFile; fileRef = A120DBD927269215009B1C7E /* MainViewController.swift */; };
		A120DBDD272693EE009B1C7E /* ButtonExt.swift in Sources */ = {isa = PBXBuildFile; fileRef = A120DBDC272693EE009B1C7E /* ButtonExt.swift */; };
		A1A2B130272A831900943C9E /* ViewExt.swift in Sources */ = {isa = PBXBuildFile; fileRef = A1A2B12F272A831900943C9E /* ViewExt.swift */; };
		A1A2B133272A852E00943C9E /* RecordMainViewController.swift in Sources */ = {isa = PBXBuildFile; fileRef = A1A2B132272A852E00943C9E /* RecordMainViewController.swift */; };
		A1A2B13B272A8A8A00943C9E /* BaseViewController.swift in Sources */ = {isa = PBXBuildFile; fileRef = A1A2B13A272A8A8A00943C9E /* BaseViewController.swift */; };
		A1ADDDEB26E1F8E6000EBE9A /* AppDelegate.swift in Sources */ = {isa = PBXBuildFile; fileRef = A1ADDDEA26E1F8E6000EBE9A /* AppDelegate.swift */; };
		A1ADDDED26E1F8E6000EBE9A /* SceneDelegate.swift in Sources */ = {isa = PBXBuildFile; fileRef = A1ADDDEC26E1F8E6000EBE9A /* SceneDelegate.swift */; };
		A1ADDDF226E1F8E6000EBE9A /* Main.storyboard in Resources */ = {isa = PBXBuildFile; fileRef = A1ADDDF026E1F8E6000EBE9A /* Main.storyboard */; };
		A1ADDDF526E1F8E6000EBE9A /* Kaleido.xcdatamodeld in Sources */ = {isa = PBXBuildFile; fileRef = A1ADDDF326E1F8E6000EBE9A /* Kaleido.xcdatamodeld */; };
		A1ADDDF726E1F8E8000EBE9A /* Assets.xcassets in Resources */ = {isa = PBXBuildFile; fileRef = A1ADDDF626E1F8E8000EBE9A /* Assets.xcassets */; };
		A1ADDDFA26E1F8E8000EBE9A /* LaunchScreen.storyboard in Resources */ = {isa = PBXBuildFile; fileRef = A1ADDDF826E1F8E8000EBE9A /* LaunchScreen.storyboard */; };
		A1ADDE1026E1F8E8000EBE9A /* KaleidoUITests.swift in Sources */ = {isa = PBXBuildFile; fileRef = A1ADDE0F26E1F8E8000EBE9A /* KaleidoUITests.swift */; };
/* End PBXBuildFile section */

/* Begin PBXContainerItemProxy section */
		A1ADDE0126E1F8E8000EBE9A /* PBXContainerItemProxy */ = {
			isa = PBXContainerItemProxy;
			containerPortal = A1ADDDDF26E1F8E6000EBE9A /* Project object */;
			proxyType = 1;
			remoteGlobalIDString = A1ADDDE626E1F8E6000EBE9A;
			remoteInfo = Kaleido;
		};
		A1ADDE0C26E1F8E8000EBE9A /* PBXContainerItemProxy */ = {
			isa = PBXContainerItemProxy;
			containerPortal = A1ADDDDF26E1F8E6000EBE9A /* Project object */;
			proxyType = 1;
			remoteGlobalIDString = A1ADDDE626E1F8E6000EBE9A;
			remoteInfo = Kaleido;
		};
/* End PBXContainerItemProxy section */

/* Begin PBXFileReference section */
		630C8584274CE204001E6ED7 /* LashPosType.swift */ = {isa = PBXFileReference; lastKnownFileType = sourcecode.swift; path = LashPosType.swift; sourceTree = "<group>"; };
		630C85A1274F7B5C001E6ED7 /* SettingMainViewController.swift */ = {isa = PBXFileReference; lastKnownFileType = sourcecode.swift; path = SettingMainViewController.swift; sourceTree = "<group>"; };
		630C85A3274F7D5E001E6ED7 /* OtherMainViewController.swift */ = {isa = PBXFileReference; lastKnownFileType = sourcecode.swift; path = OtherMainViewController.swift; sourceTree = "<group>"; };
		630C85A6274F85BB001E6ED7 /* OrderRecordViewController.swift */ = {isa = PBXFileReference; lastKnownFileType = sourcecode.swift; path = OrderRecordViewController.swift; sourceTree = "<group>"; };
		6317345A27422F9D00435552 /* BaseAlertViewController.swift */ = {isa = PBXFileReference; lastKnownFileType = sourcecode.swift; path = BaseAlertViewController.swift; sourceTree = "<group>"; };
		6317345C2742306800435552 /* UIViewController.swift */ = {isa = PBXFileReference; lastKnownFileType = sourcecode.swift; path = UIViewController.swift; sourceTree = "<group>"; };
		632214522744E35D003E330D /* SearchCustomsCell.swift */ = {isa = PBXFileReference; lastKnownFileType = sourcecode.swift; path = SearchCustomsCell.swift; sourceTree = "<group>"; };
		632214552747A2B8003E330D /* EntityDelHelper.swift */ = {isa = PBXFileReference; lastKnownFileType = sourcecode.swift; path = EntityDelHelper.swift; sourceTree = "<group>"; };
		635C7AA8273A234E000C3CCA /* LashOrderViewController.swift */ = {isa = PBXFileReference; lastKnownFileType = sourcecode.swift; path = LashOrderViewController.swift; sourceTree = "<group>"; };
		635C7AAA273A23CD000C3CCA /* KeratinOrderViewController.swift */ = {isa = PBXFileReference; lastKnownFileType = sourcecode.swift; path = KeratinOrderViewController.swift; sourceTree = "<group>"; };
		636F34712750887700444DC9 /* OrderRecordModel.swift */ = {isa = PBXFileReference; lastKnownFileType = sourcecode.swift; path = OrderRecordModel.swift; sourceTree = "<group>"; };
		636F3473275089FD00444DC9 /* OrderRecordController.swift */ = {isa = PBXFileReference; lastKnownFileType = sourcecode.swift; path = OrderRecordController.swift; sourceTree = "<group>"; };
		636F347527508AB100444DC9 /* BaseSearchController.swift */ = {isa = PBXFileReference; lastKnownFileType = sourcecode.swift; path = BaseSearchController.swift; sourceTree = "<group>"; };
		637EA9C62754A18700C1DBE1 /* Customer+CoreDataClass.swift */ = {isa = PBXFileReference; lastKnownFileType = sourcecode.swift; path = "Customer+CoreDataClass.swift"; sourceTree = "<group>"; };
		637EA9C72754A18700C1DBE1 /* Customer+CoreDataProperties.swift */ = {isa = PBXFileReference; lastKnownFileType = sourcecode.swift; path = "Customer+CoreDataProperties.swift"; sourceTree = "<group>"; };
		637EA9CA2755B5B700C1DBE1 /* ProductType+CoreDataClass.swift */ = {isa = PBXFileReference; lastKnownFileType = sourcecode.swift; path = "ProductType+CoreDataClass.swift"; sourceTree = "<group>"; };
		637EA9CB2755B5B700C1DBE1 /* ProductType+CoreDataProperties.swift */ = {isa = PBXFileReference; lastKnownFileType = sourcecode.swift; path = "ProductType+CoreDataProperties.swift"; sourceTree = "<group>"; };
		637EA9D2275612F800C1DBE1 /* ProductLashBott+CoreDataClass.swift */ = {isa = PBXFileReference; lastKnownFileType = sourcecode.swift; path = "ProductLashBott+CoreDataClass.swift"; sourceTree = "<group>"; };
		637EA9D3275612F800C1DBE1 /* ProductLashBott+CoreDataProperties.swift */ = {isa = PBXFileReference; lastKnownFileType = sourcecode.swift; path = "ProductLashBott+CoreDataProperties.swift"; sourceTree = "<group>"; };
		637EA9D4275612F800C1DBE1 /* ProductLashTop+CoreDataClass.swift */ = {isa = PBXFileReference; lastKnownFileType = sourcecode.swift; path = "ProductLashTop+CoreDataClass.swift"; sourceTree = "<group>"; };
		637EA9D5275612F800C1DBE1 /* ProductLashTop+CoreDataProperties.swift */ = {isa = PBXFileReference; lastKnownFileType = sourcecode.swift; path = "ProductLashTop+CoreDataProperties.swift"; sourceTree = "<group>"; };
		63AA685A27576C2A00BD929B /* DiscountRule+CoreDataClass.swift */ = {isa = PBXFileReference; lastKnownFileType = sourcecode.swift; path = "DiscountRule+CoreDataClass.swift"; sourceTree = "<group>"; };
		63AA685B27576C2A00BD929B /* DiscountRule+CoreDataProperties.swift */ = {isa = PBXFileReference; lastKnownFileType = sourcecode.swift; path = "DiscountRule+CoreDataProperties.swift"; sourceTree = "<group>"; };
		63ADE6C52759B447002D1D6E /* DefaultDbDataChecker.swift */ = {isa = PBXFileReference; lastKnownFileType = sourcecode.swift; path = DefaultDbDataChecker.swift; sourceTree = "<group>"; };
		63ADE6C72759C536002D1D6E /* DiscountRuleType.swift */ = {isa = PBXFileReference; lastKnownFileType = sourcecode.swift; path = DiscountRuleType.swift; sourceTree = "<group>"; };
		63ADE6CD275A1103002D1D6E /* CustomerDiscount+CoreDataClass.swift */ = {isa = PBXFileReference; lastKnownFileType = sourcecode.swift; path = "CustomerDiscount+CoreDataClass.swift"; sourceTree = "<group>"; };
		63ADE6CE275A1103002D1D6E /* CustomerDiscount+CoreDataProperties.swift */ = {isa = PBXFileReference; lastKnownFileType = sourcecode.swift; path = "CustomerDiscount+CoreDataProperties.swift"; sourceTree = "<group>"; };
		63ADE6D1275F3759002D1D6E /* Order+CoreDataClass.swift */ = {isa = PBXFileReference; lastKnownFileType = sourcecode.swift; path = "Order+CoreDataClass.swift"; sourceTree = "<group>"; };
		63ADE6D2275F3759002D1D6E /* Order+CoreDataProperties.swift */ = {isa = PBXFileReference; lastKnownFileType = sourcecode.swift; path = "Order+CoreDataProperties.swift"; sourceTree = "<group>"; };
		63B3870827439F6800B4A1E3 /* LashOrderController.swift */ = {isa = PBXFileReference; fileEncoding = 4; lastKnownFileType = sourcecode.swift; name = LashOrderController.swift; path = ../../../../../.Trash/LashOrderController.swift; sourceTree = "<group>"; };
		63B3870927439F6800B4A1E3 /* LashOrderModel.swift */ = {isa = PBXFileReference; fileEncoding = 4; lastKnownFileType = sourcecode.swift; name = LashOrderModel.swift; path = ../../../../../.Trash/LashOrderModel.swift; sourceTree = "<group>"; };
		63CA9CAB2754760E00051F7A /* BillCheckViewController.swift */ = {isa = PBXFileReference; lastKnownFileType = sourcecode.swift; path = BillCheckViewController.swift; sourceTree = "<group>"; };
		63CA9CAD275482AE00051F7A /* BillCheckController.swift */ = {isa = PBXFileReference; lastKnownFileType = sourcecode.swift; path = BillCheckController.swift; sourceTree = "<group>"; };
		63CA9CAF275482D400051F7A /* BillCheckModel.swift */ = {isa = PBXFileReference; lastKnownFileType = sourcecode.swift; path = BillCheckModel.swift; sourceTree = "<group>"; };
		63CD4F1E272BD8500085BD4C /* LashListViewController.swift */ = {isa = PBXFileReference; lastKnownFileType = sourcecode.swift; path = LashListViewController.swift; sourceTree = "<group>"; };
		63CD4F21272BDEDC0085BD4C /* LashListType.swift */ = {isa = PBXFileReference; lastKnownFileType = sourcecode.swift; path = LashListType.swift; sourceTree = "<group>"; };
		63CD4F28272FD8220085BD4C /* SearchCustomsViewController.swift */ = {isa = PBXFileReference; lastKnownFileType = sourcecode.swift; path = SearchCustomsViewController.swift; sourceTree = "<group>"; };
		63CD4F2C2730E38D0085BD4C /* SearchCustomsController.swift */ = {isa = PBXFileReference; lastKnownFileType = sourcecode.swift; path = SearchCustomsController.swift; sourceTree = "<group>"; };
		63CD4F2E2730E9E40085BD4C /* Observable.swift */ = {isa = PBXFileReference; lastKnownFileType = sourcecode.swift; path = Observable.swift; sourceTree = "<group>"; };
		63CD4F302730EA510085BD4C /* SearchCustomsModel.swift */ = {isa = PBXFileReference; lastKnownFileType = sourcecode.swift; path = SearchCustomsModel.swift; sourceTree = "<group>"; };
		63CD4F362733681A0085BD4C /* EntityGetHelper.swift */ = {isa = PBXFileReference; lastKnownFileType = sourcecode.swift; path = EntityGetHelper.swift; sourceTree = "<group>"; };
		63CD4F56273373C30085BD4C /* EntityCRUDService.swift */ = {isa = PBXFileReference; lastKnownFileType = sourcecode.swift; path = EntityCRUDService.swift; sourceTree = "<group>"; };
		63CD4F582733C1B10085BD4C /* CoreDataCRUDTest.swift */ = {isa = PBXFileReference; lastKnownFileType = sourcecode.swift; path = CoreDataCRUDTest.swift; sourceTree = "<group>"; };
		63CD4F662734E04B0085BD4C /* EntityNameDefine.swift */ = {isa = PBXFileReference; lastKnownFileType = sourcecode.swift; path = EntityNameDefine.swift; sourceTree = "<group>"; };
		63CD4F6B27351D250085BD4C /* EntitySetHelper.swift */ = {isa = PBXFileReference; lastKnownFileType = sourcecode.swift; path = EntitySetHelper.swift; sourceTree = "<group>"; };
		63CD4F6D273521450085BD4C /* UserDefaultKey.swift */ = {isa = PBXFileReference; lastKnownFileType = sourcecode.swift; path = UserDefaultKey.swift; sourceTree = "<group>"; };
		63CD4F6F2738D0630085BD4C /* EntitySetHelperTest.swift */ = {isa = PBXFileReference; lastKnownFileType = sourcecode.swift; path = EntitySetHelperTest.swift; sourceTree = "<group>"; };
		63D88BE3273E04B600665728 /* KeratinOrderModel.swift */ = {isa = PBXFileReference; lastKnownFileType = sourcecode.swift; path = KeratinOrderModel.swift; sourceTree = "<group>"; };
		63D88BE5273E04E800665728 /* KeratinOrderController.swift */ = {isa = PBXFileReference; lastKnownFileType = sourcecode.swift; path = KeratinOrderController.swift; sourceTree = "<group>"; };
		63D88BF12741FC2100665728 /* PayMethod+CoreDataClass.swift */ = {isa = PBXFileReference; lastKnownFileType = sourcecode.swift; path = "PayMethod+CoreDataClass.swift"; sourceTree = "<group>"; };
		63D88BF22741FC2100665728 /* PayMethod+CoreDataProperties.swift */ = {isa = PBXFileReference; lastKnownFileType = sourcecode.swift; path = "PayMethod+CoreDataProperties.swift"; sourceTree = "<group>"; };
		63E3672027425E8900FCCA77 /* ProductKeratin+CoreDataClass.swift */ = {isa = PBXFileReference; lastKnownFileType = sourcecode.swift; path = "ProductKeratin+CoreDataClass.swift"; sourceTree = "<group>"; };
		63E3672127425E8900FCCA77 /* ProductKeratin+CoreDataProperties.swift */ = {isa = PBXFileReference; lastKnownFileType = sourcecode.swift; path = "ProductKeratin+CoreDataProperties.swift"; sourceTree = "<group>"; };
		63E36724274384D000FCCA77 /* BaseOrderController.swift */ = {isa = PBXFileReference; lastKnownFileType = sourcecode.swift; path = BaseOrderController.swift; sourceTree = "<group>"; };
		63E7746E273B744A00F197AC /* UIColorExt.swift */ = {isa = PBXFileReference; lastKnownFileType = sourcecode.swift; path = UIColorExt.swift; sourceTree = "<group>"; };
		63F3B7CF2739106E00D4C6A8 /* DateExt.swift */ = {isa = PBXFileReference; lastKnownFileType = sourcecode.swift; path = DateExt.swift; sourceTree = "<group>"; };
		63F73FDC27425239007DC0BC /* OrderEntityType.swift */ = {isa = PBXFileReference; lastKnownFileType = sourcecode.swift; path = OrderEntityType.swift; sourceTree = "<group>"; };
		A120DBD527268EE9009B1C7E /* ColorDefine.swift */ = {isa = PBXFileReference; fileEncoding = 4; lastKnownFileType = sourcecode.swift; name = ColorDefine.swift; path = ../ColorDefine.swift; sourceTree = "<group>"; };
		A120DBD927269215009B1C7E /* MainViewController.swift */ = {isa = PBXFileReference; lastKnownFileType = sourcecode.swift; path = MainViewController.swift; sourceTree = "<group>"; };
		A120DBDC272693EE009B1C7E /* ButtonExt.swift */ = {isa = PBXFileReference; lastKnownFileType = sourcecode.swift; path = ButtonExt.swift; sourceTree = "<group>"; };
		A1A2B12F272A831900943C9E /* ViewExt.swift */ = {isa = PBXFileReference; lastKnownFileType = sourcecode.swift; path = ViewExt.swift; sourceTree = "<group>"; };
		A1A2B132272A852E00943C9E /* RecordMainViewController.swift */ = {isa = PBXFileReference; fileEncoding = 4; lastKnownFileType = sourcecode.swift; path = RecordMainViewController.swift; sourceTree = "<group>"; };
		A1A2B13A272A8A8A00943C9E /* BaseViewController.swift */ = {isa = PBXFileReference; lastKnownFileType = sourcecode.swift; path = BaseViewController.swift; sourceTree = "<group>"; };
		A1ADDDE726E1F8E6000EBE9A /* Kaleido.app */ = {isa = PBXFileReference; explicitFileType = wrapper.application; includeInIndex = 0; path = Kaleido.app; sourceTree = BUILT_PRODUCTS_DIR; };
		A1ADDDEA26E1F8E6000EBE9A /* AppDelegate.swift */ = {isa = PBXFileReference; lastKnownFileType = sourcecode.swift; path = AppDelegate.swift; sourceTree = "<group>"; };
		A1ADDDEC26E1F8E6000EBE9A /* SceneDelegate.swift */ = {isa = PBXFileReference; lastKnownFileType = sourcecode.swift; path = SceneDelegate.swift; sourceTree = "<group>"; };
		A1ADDDF126E1F8E6000EBE9A /* Base */ = {isa = PBXFileReference; lastKnownFileType = file.storyboard; name = Base; path = Base.lproj/Main.storyboard; sourceTree = "<group>"; };
		A1ADDDF426E1F8E6000EBE9A /* Kaleido.xcdatamodel */ = {isa = PBXFileReference; lastKnownFileType = wrapper.xcdatamodel; path = Kaleido.xcdatamodel; sourceTree = "<group>"; };
		A1ADDDF626E1F8E8000EBE9A /* Assets.xcassets */ = {isa = PBXFileReference; lastKnownFileType = folder.assetcatalog; path = Assets.xcassets; sourceTree = "<group>"; };
		A1ADDDF926E1F8E8000EBE9A /* Base */ = {isa = PBXFileReference; lastKnownFileType = file.storyboard; name = Base; path = Base.lproj/LaunchScreen.storyboard; sourceTree = "<group>"; };
		A1ADDDFB26E1F8E8000EBE9A /* Info.plist */ = {isa = PBXFileReference; lastKnownFileType = text.plist.xml; path = Info.plist; sourceTree = "<group>"; };
		A1ADDE0026E1F8E8000EBE9A /* KaleidoTests.xctest */ = {isa = PBXFileReference; explicitFileType = wrapper.cfbundle; includeInIndex = 0; path = KaleidoTests.xctest; sourceTree = BUILT_PRODUCTS_DIR; };
		A1ADDE0626E1F8E8000EBE9A /* Info.plist */ = {isa = PBXFileReference; lastKnownFileType = text.plist.xml; path = Info.plist; sourceTree = "<group>"; };
		A1ADDE0B26E1F8E8000EBE9A /* KaleidoUITests.xctest */ = {isa = PBXFileReference; explicitFileType = wrapper.cfbundle; includeInIndex = 0; path = KaleidoUITests.xctest; sourceTree = BUILT_PRODUCTS_DIR; };
		A1ADDE0F26E1F8E8000EBE9A /* KaleidoUITests.swift */ = {isa = PBXFileReference; lastKnownFileType = sourcecode.swift; path = KaleidoUITests.swift; sourceTree = "<group>"; };
		A1ADDE1126E1F8E8000EBE9A /* Info.plist */ = {isa = PBXFileReference; lastKnownFileType = text.plist.xml; path = Info.plist; sourceTree = "<group>"; };
/* End PBXFileReference section */

/* Begin PBXFrameworksBuildPhase section */
		A1ADDDE426E1F8E6000EBE9A /* Frameworks */ = {
			isa = PBXFrameworksBuildPhase;
			buildActionMask = 2147483647;
			files = (
			);
			runOnlyForDeploymentPostprocessing = 0;
		};
		A1ADDDFD26E1F8E8000EBE9A /* Frameworks */ = {
			isa = PBXFrameworksBuildPhase;
			buildActionMask = 2147483647;
			files = (
			);
			runOnlyForDeploymentPostprocessing = 0;
		};
		A1ADDE0826E1F8E8000EBE9A /* Frameworks */ = {
			isa = PBXFrameworksBuildPhase;
			buildActionMask = 2147483647;
			files = (
			);
			runOnlyForDeploymentPostprocessing = 0;
		};
/* End PBXFrameworksBuildPhase section */

/* Begin PBXGroup section */
		630C859E274F6372001E6ED7 /* Setting */ = {
			isa = PBXGroup;
			children = (
				630C85A0274F6392001E6ED7 /* Main */,
				630C859F274F6383001E6ED7 /* Other */,
			);
			name = Setting;
			sourceTree = "<group>";
		};
		630C859F274F6383001E6ED7 /* Other */ = {
			isa = PBXGroup;
			children = (
				630C85A5274F8577001E6ED7 /* OrderRecord */,
				630C85A3274F7D5E001E6ED7 /* OtherMainViewController.swift */,
			);
			name = Other;
			sourceTree = "<group>";
		};
		630C85A0274F6392001E6ED7 /* Main */ = {
			isa = PBXGroup;
			children = (
				630C85A1274F7B5C001E6ED7 /* SettingMainViewController.swift */,
			);
			name = Main;
			sourceTree = "<group>";
		};
		630C85A5274F8577001E6ED7 /* OrderRecord */ = {
			isa = PBXGroup;
			children = (
				630C85A6274F85BB001E6ED7 /* OrderRecordViewController.swift */,
				636F3473275089FD00444DC9 /* OrderRecordController.swift */,
				636F34712750887700444DC9 /* OrderRecordModel.swift */,
			);
			name = OrderRecord;
			sourceTree = "<group>";
		};
		63CA9CAA275475E300051F7A /* Bill */ = {
			isa = PBXGroup;
			children = (
				63CA9CAB2754760E00051F7A /* BillCheckViewController.swift */,
				63CA9CAD275482AE00051F7A /* BillCheckController.swift */,
				63CA9CAF275482D400051F7A /* BillCheckModel.swift */,
			);
			path = Bill;
			sourceTree = "<group>";
		};
		63CD4F1D272BD7BE0085BD4C /* Slash */ = {
			isa = PBXGroup;
			children = (
				63CA9CAA275475E300051F7A /* Bill */,
				63CD4F3327312D340085BD4C /* Order */,
				63CD4F24272FC41A0085BD4C /* Search */,
				63CD4F23272FC3EC0085BD4C /* List */,
				63CD4F20272BDEC60085BD4C /* Data */,
			);
			name = Slash;
			sourceTree = "<group>";
		};
		63CD4F20272BDEC60085BD4C /* Data */ = {
			isa = PBXGroup;
			children = (
				63CD4F21272BDEDC0085BD4C /* LashListType.swift */,
				63F73FDC27425239007DC0BC /* OrderEntityType.swift */,
				630C8584274CE204001E6ED7 /* LashPosType.swift */,
				63ADE6C72759C536002D1D6E /* DiscountRuleType.swift */,
			);
			path = Data;
			sourceTree = "<group>";
		};
		63CD4F23272FC3EC0085BD4C /* List */ = {
			isa = PBXGroup;
			children = (
				63CD4F1E272BD8500085BD4C /* LashListViewController.swift */,
			);
			path = List;
			sourceTree = "<group>";
		};
		63CD4F24272FC41A0085BD4C /* Search */ = {
			isa = PBXGroup;
			children = (
				63CD4F28272FD8220085BD4C /* SearchCustomsViewController.swift */,
				632214522744E35D003E330D /* SearchCustomsCell.swift */,
				63CD4F2C2730E38D0085BD4C /* SearchCustomsController.swift */,
				63CD4F302730EA510085BD4C /* SearchCustomsModel.swift */,
			);
			path = Search;
			sourceTree = "<group>";
		};
		63CD4F3327312D340085BD4C /* Order */ = {
			isa = PBXGroup;
			children = (
				63E36724274384D000FCCA77 /* BaseOrderController.swift */,
				635C7AA8273A234E000C3CCA /* LashOrderViewController.swift */,
				63B3870827439F6800B4A1E3 /* LashOrderController.swift */,
				63B3870927439F6800B4A1E3 /* LashOrderModel.swift */,
				635C7AAA273A23CD000C3CCA /* KeratinOrderViewController.swift */,
				63D88BE5273E04E800665728 /* KeratinOrderController.swift */,
				63D88BE3273E04B600665728 /* KeratinOrderModel.swift */,
			);
			path = Order;
			sourceTree = "<group>";
		};
		63CD4F35273367D20085BD4C /* Helper */ = {
			isa = PBXGroup;
			children = (
				63CD4F3927336A9D0085BD4C /* Entity */,
				63ADE6C52759B447002D1D6E /* DefaultDbDataChecker.swift */,
			);
			path = Helper;
			sourceTree = "<group>";
		};
		63CD4F38273368220085BD4C /* Model */ = {
			isa = PBXGroup;
			children = (
				63ADE6D1275F3759002D1D6E /* Order+CoreDataClass.swift */,
				63ADE6D2275F3759002D1D6E /* Order+CoreDataProperties.swift */,
				63ADE6CD275A1103002D1D6E /* CustomerDiscount+CoreDataClass.swift */,
				63ADE6CE275A1103002D1D6E /* CustomerDiscount+CoreDataProperties.swift */,
				63AA685A27576C2A00BD929B /* DiscountRule+CoreDataClass.swift */,
				63AA685B27576C2A00BD929B /* DiscountRule+CoreDataProperties.swift */,
				637EA9D2275612F800C1DBE1 /* ProductLashBott+CoreDataClass.swift */,
				637EA9D3275612F800C1DBE1 /* ProductLashBott+CoreDataProperties.swift */,
				637EA9D4275612F800C1DBE1 /* ProductLashTop+CoreDataClass.swift */,
				637EA9D5275612F800C1DBE1 /* ProductLashTop+CoreDataProperties.swift */,
				637EA9CA2755B5B700C1DBE1 /* ProductType+CoreDataClass.swift */,
				637EA9CB2755B5B700C1DBE1 /* ProductType+CoreDataProperties.swift */,
				637EA9C62754A18700C1DBE1 /* Customer+CoreDataClass.swift */,
				637EA9C72754A18700C1DBE1 /* Customer+CoreDataProperties.swift */,
				63E3672027425E8900FCCA77 /* ProductKeratin+CoreDataClass.swift */,
				63E3672127425E8900FCCA77 /* ProductKeratin+CoreDataProperties.swift */,
				63D88BF12741FC2100665728 /* PayMethod+CoreDataClass.swift */,
				63D88BF22741FC2100665728 /* PayMethod+CoreDataProperties.swift */,
			);
			path = Model;
			sourceTree = "<group>";
		};
		63CD4F3927336A9D0085BD4C /* Entity */ = {
			isa = PBXGroup;
			children = (
				63CD4F38273368220085BD4C /* Model */,
				63CD4F362733681A0085BD4C /* EntityGetHelper.swift */,
				63CD4F6B27351D250085BD4C /* EntitySetHelper.swift */,
				632214552747A2B8003E330D /* EntityDelHelper.swift */,
				63CD4F56273373C30085BD4C /* EntityCRUDService.swift */,
				63CD4F662734E04B0085BD4C /* EntityNameDefine.swift */,
			);
			path = Entity;
			sourceTree = "<group>";
		};
		63CD4F712738D06F0085BD4C /* Helper */ = {
			isa = PBXGroup;
			children = (
				63CD4F582733C1B10085BD4C /* CoreDataCRUDTest.swift */,
				63CD4F6F2738D0630085BD4C /* EntitySetHelperTest.swift */,
			);
			path = Helper;
			sourceTree = "<group>";
		};
		A120DBD72726917E009B1C7E /* View */ = {
			isa = PBXGroup;
			children = (
				630C859E274F6372001E6ED7 /* Setting */,
				A1A2B139272A8A7500943C9E /* Base */,
				A1A2B131272A84EC00943C9E /* Record */,
				A120DBD8272691A7009B1C7E /* Main */,
			);
			path = View;
			sourceTree = "<group>";
		};
		A120DBD8272691A7009B1C7E /* Main */ = {
			isa = PBXGroup;
			children = (
				A120DBD927269215009B1C7E /* MainViewController.swift */,
			);
			name = Main;
			sourceTree = "<group>";
		};
		A120DBDB272693CD009B1C7E /* Extension */ = {
			isa = PBXGroup;
			children = (
				A1A2B12F272A831900943C9E /* ViewExt.swift */,
				A120DBDC272693EE009B1C7E /* ButtonExt.swift */,
				63F3B7CF2739106E00D4C6A8 /* DateExt.swift */,
				63E7746E273B744A00F197AC /* UIColorExt.swift */,
				6317345C2742306800435552 /* UIViewController.swift */,
			);
			path = Extension;
			sourceTree = "<group>";
		};
		A18F99A727265D3D00CBA9B5 /* Data */ = {
			isa = PBXGroup;
			children = (
				A120DBD527268EE9009B1C7E /* ColorDefine.swift */,
				63CD4F6D273521450085BD4C /* UserDefaultKey.swift */,
			);
			path = Data;
			sourceTree = "<group>";
		};
		A1A2B131272A84EC00943C9E /* Record */ = {
			isa = PBXGroup;
			children = (
				63CD4F1D272BD7BE0085BD4C /* Slash */,
				A1A2B132272A852E00943C9E /* RecordMainViewController.swift */,
			);
			name = Record;
			sourceTree = "<group>";
		};
		A1A2B139272A8A7500943C9E /* Base */ = {
			isa = PBXGroup;
			children = (
				A1A2B13A272A8A8A00943C9E /* BaseViewController.swift */,
				63CD4F2E2730E9E40085BD4C /* Observable.swift */,
				6317345A27422F9D00435552 /* BaseAlertViewController.swift */,
				636F347527508AB100444DC9 /* BaseSearchController.swift */,
			);
			name = Base;
			sourceTree = "<group>";
		};
		A1ADDDDE26E1F8E6000EBE9A = {
			isa = PBXGroup;
			children = (
				A1ADDDE926E1F8E6000EBE9A /* Kaleido */,
				A1ADDE0326E1F8E8000EBE9A /* KaleidoTests */,
				A1ADDE0E26E1F8E8000EBE9A /* KaleidoUITests */,
				A1ADDDE826E1F8E6000EBE9A /* Products */,
			);
			sourceTree = "<group>";
		};
		A1ADDDE826E1F8E6000EBE9A /* Products */ = {
			isa = PBXGroup;
			children = (
				A1ADDDE726E1F8E6000EBE9A /* Kaleido.app */,
				A1ADDE0026E1F8E8000EBE9A /* KaleidoTests.xctest */,
				A1ADDE0B26E1F8E8000EBE9A /* KaleidoUITests.xctest */,
			);
			name = Products;
			sourceTree = "<group>";
		};
		A1ADDDE926E1F8E6000EBE9A /* Kaleido */ = {
			isa = PBXGroup;
			children = (
				63CD4F35273367D20085BD4C /* Helper */,
				A120DBDB272693CD009B1C7E /* Extension */,
				A120DBD72726917E009B1C7E /* View */,
				A18F99A727265D3D00CBA9B5 /* Data */,
				A1ADDDEA26E1F8E6000EBE9A /* AppDelegate.swift */,
				A1ADDDEC26E1F8E6000EBE9A /* SceneDelegate.swift */,
				A1ADDDF026E1F8E6000EBE9A /* Main.storyboard */,
				A1ADDDF626E1F8E8000EBE9A /* Assets.xcassets */,
				A1ADDDF826E1F8E8000EBE9A /* LaunchScreen.storyboard */,
				A1ADDDFB26E1F8E8000EBE9A /* Info.plist */,
				A1ADDDF326E1F8E6000EBE9A /* Kaleido.xcdatamodeld */,
			);
			path = Kaleido;
			sourceTree = "<group>";
		};
		A1ADDE0326E1F8E8000EBE9A /* KaleidoTests */ = {
			isa = PBXGroup;
			children = (
				63CD4F712738D06F0085BD4C /* Helper */,
				A1ADDE0626E1F8E8000EBE9A /* Info.plist */,
			);
			path = KaleidoTests;
			sourceTree = "<group>";
		};
		A1ADDE0E26E1F8E8000EBE9A /* KaleidoUITests */ = {
			isa = PBXGroup;
			children = (
				A1ADDE0F26E1F8E8000EBE9A /* KaleidoUITests.swift */,
				A1ADDE1126E1F8E8000EBE9A /* Info.plist */,
			);
			path = KaleidoUITests;
			sourceTree = "<group>";
		};
/* End PBXGroup section */

/* Begin PBXNativeTarget section */
		A1ADDDE626E1F8E6000EBE9A /* Kaleido */ = {
			isa = PBXNativeTarget;
			buildConfigurationList = A1ADDE1426E1F8E8000EBE9A /* Build configuration list for PBXNativeTarget "Kaleido" */;
			buildPhases = (
				A1ADDDE326E1F8E6000EBE9A /* Sources */,
				A1ADDDE426E1F8E6000EBE9A /* Frameworks */,
				A1ADDDE526E1F8E6000EBE9A /* Resources */,
			);
			buildRules = (
			);
			dependencies = (
			);
			name = Kaleido;
			productName = Kaleido;
			productReference = A1ADDDE726E1F8E6000EBE9A /* Kaleido.app */;
			productType = "com.apple.product-type.application";
		};
		A1ADDDFF26E1F8E8000EBE9A /* KaleidoTests */ = {
			isa = PBXNativeTarget;
			buildConfigurationList = A1ADDE1726E1F8E8000EBE9A /* Build configuration list for PBXNativeTarget "KaleidoTests" */;
			buildPhases = (
				A1ADDDFC26E1F8E8000EBE9A /* Sources */,
				A1ADDDFD26E1F8E8000EBE9A /* Frameworks */,
				A1ADDDFE26E1F8E8000EBE9A /* Resources */,
			);
			buildRules = (
			);
			dependencies = (
				A1ADDE0226E1F8E8000EBE9A /* PBXTargetDependency */,
			);
			name = KaleidoTests;
			productName = KaleidoTests;
			productReference = A1ADDE0026E1F8E8000EBE9A /* KaleidoTests.xctest */;
			productType = "com.apple.product-type.bundle.unit-test";
		};
		A1ADDE0A26E1F8E8000EBE9A /* KaleidoUITests */ = {
			isa = PBXNativeTarget;
			buildConfigurationList = A1ADDE1A26E1F8E8000EBE9A /* Build configuration list for PBXNativeTarget "KaleidoUITests" */;
			buildPhases = (
				A1ADDE0726E1F8E8000EBE9A /* Sources */,
				A1ADDE0826E1F8E8000EBE9A /* Frameworks */,
				A1ADDE0926E1F8E8000EBE9A /* Resources */,
			);
			buildRules = (
			);
			dependencies = (
				A1ADDE0D26E1F8E8000EBE9A /* PBXTargetDependency */,
			);
			name = KaleidoUITests;
			productName = KaleidoUITests;
			productReference = A1ADDE0B26E1F8E8000EBE9A /* KaleidoUITests.xctest */;
			productType = "com.apple.product-type.bundle.ui-testing";
		};
/* End PBXNativeTarget section */

/* Begin PBXProject section */
		A1ADDDDF26E1F8E6000EBE9A /* Project object */ = {
			isa = PBXProject;
			attributes = {
				LastSwiftUpdateCheck = 1250;
				LastUpgradeCheck = 1250;
				TargetAttributes = {
					A1ADDDE626E1F8E6000EBE9A = {
						CreatedOnToolsVersion = 12.5.1;
					};
					A1ADDDFF26E1F8E8000EBE9A = {
						CreatedOnToolsVersion = 12.5.1;
						TestTargetID = A1ADDDE626E1F8E6000EBE9A;
					};
					A1ADDE0A26E1F8E8000EBE9A = {
						CreatedOnToolsVersion = 12.5.1;
						TestTargetID = A1ADDDE626E1F8E6000EBE9A;
					};
				};
			};
			buildConfigurationList = A1ADDDE226E1F8E6000EBE9A /* Build configuration list for PBXProject "Kaleido" */;
			compatibilityVersion = "Xcode 9.3";
			developmentRegion = en;
			hasScannedForEncodings = 0;
			knownRegions = (
				en,
				Base,
			);
			mainGroup = A1ADDDDE26E1F8E6000EBE9A;
			productRefGroup = A1ADDDE826E1F8E6000EBE9A /* Products */;
			projectDirPath = "";
			projectRoot = "";
			targets = (
				A1ADDDE626E1F8E6000EBE9A /* Kaleido */,
				A1ADDDFF26E1F8E8000EBE9A /* KaleidoTests */,
				A1ADDE0A26E1F8E8000EBE9A /* KaleidoUITests */,
			);
		};
/* End PBXProject section */

/* Begin PBXResourcesBuildPhase section */
		A1ADDDE526E1F8E6000EBE9A /* Resources */ = {
			isa = PBXResourcesBuildPhase;
			buildActionMask = 2147483647;
			files = (
				A1ADDDFA26E1F8E8000EBE9A /* LaunchScreen.storyboard in Resources */,
				A1ADDDF726E1F8E8000EBE9A /* Assets.xcassets in Resources */,
				A1ADDDF226E1F8E6000EBE9A /* Main.storyboard in Resources */,
			);
			runOnlyForDeploymentPostprocessing = 0;
		};
		A1ADDDFE26E1F8E8000EBE9A /* Resources */ = {
			isa = PBXResourcesBuildPhase;
			buildActionMask = 2147483647;
			files = (
			);
			runOnlyForDeploymentPostprocessing = 0;
		};
		A1ADDE0926E1F8E8000EBE9A /* Resources */ = {
			isa = PBXResourcesBuildPhase;
			buildActionMask = 2147483647;
			files = (
			);
			runOnlyForDeploymentPostprocessing = 0;
		};
/* End PBXResourcesBuildPhase section */

/* Begin PBXSourcesBuildPhase section */
		A1ADDDE326E1F8E6000EBE9A /* Sources */ = {
			isa = PBXSourcesBuildPhase;
			buildActionMask = 2147483647;
			files = (
				63E3672327425E8900FCCA77 /* ProductKeratin+CoreDataProperties.swift in Sources */,
				637EA9CC2755B5B700C1DBE1 /* ProductType+CoreDataClass.swift in Sources */,
				63CD4F2D2730E38D0085BD4C /* SearchCustomsController.swift in Sources */,
				637EA9C92754A18700C1DBE1 /* Customer+CoreDataProperties.swift in Sources */,
				636F347627508AB100444DC9 /* BaseSearchController.swift in Sources */,
				637EA9D7275612F800C1DBE1 /* ProductLashBott+CoreDataProperties.swift in Sources */,
				630C85A4274F7D5E001E6ED7 /* OtherMainViewController.swift in Sources */,
				63CD4F2F2730E9E40085BD4C /* Observable.swift in Sources */,
				63CD4F22272BDEDC0085BD4C /* LashListType.swift in Sources */,
				A1ADDDF526E1F8E6000EBE9A /* Kaleido.xcdatamodeld in Sources */,
				63E36725274384D000FCCA77 /* BaseOrderController.swift in Sources */,
				630C8585274CE204001E6ED7 /* LashPosType.swift in Sources */,
				6317345B27422F9D00435552 /* BaseAlertViewController.swift in Sources */,
				63ADE6C82759C536002D1D6E /* DiscountRuleType.swift in Sources */,
				635C7AAB273A23CD000C3CCA /* KeratinOrderViewController.swift in Sources */,
				63ADE6C62759B447002D1D6E /* DefaultDbDataChecker.swift in Sources */,
				63ADE6D4275F3759002D1D6E /* Order+CoreDataProperties.swift in Sources */,
				63ADE6D3275F3759002D1D6E /* Order+CoreDataClass.swift in Sources */,
				A1ADDDEB26E1F8E6000EBE9A /* AppDelegate.swift in Sources */,
				63B3870A27439F6800B4A1E3 /* LashOrderController.swift in Sources */,
				63CA9CAC2754760E00051F7A /* BillCheckViewController.swift in Sources */,
				A120DBD627268EE9009B1C7E /* ColorDefine.swift in Sources */,
				637EA9CD2755B5B700C1DBE1 /* ProductType+CoreDataProperties.swift in Sources */,
				A120DBDD272693EE009B1C7E /* ButtonExt.swift in Sources */,
				637EA9D8275612F800C1DBE1 /* ProductLashTop+CoreDataClass.swift in Sources */,
				63F73FDD27425239007DC0BC /* OrderEntityType.swift in Sources */,
				63CD4F57273373C30085BD4C /* EntityCRUDService.swift in Sources */,
				63ADE6CF275A1103002D1D6E /* CustomerDiscount+CoreDataClass.swift in Sources */,
				63CA9CB0275482D400051F7A /* BillCheckModel.swift in Sources */,
				63CD4F29272FD8220085BD4C /* SearchCustomsViewController.swift in Sources */,
				63D88BF62741FC2100665728 /* PayMethod+CoreDataProperties.swift in Sources */,
				63D88BE4273E04B600665728 /* KeratinOrderModel.swift in Sources */,
				63CD4F312730EA510085BD4C /* SearchCustomsModel.swift in Sources */,
				635C7AA9273A234E000C3CCA /* LashOrderViewController.swift in Sources */,
				632214562747A2B8003E330D /* EntityDelHelper.swift in Sources */,
				A1A2B133272A852E00943C9E /* RecordMainViewController.swift in Sources */,
				637EA9D6275612F800C1DBE1 /* ProductLashBott+CoreDataClass.swift in Sources */,
				63AA685C27576C2A00BD929B /* DiscountRule+CoreDataClass.swift in Sources */,
				6317345D2742306800435552 /* UIViewController.swift in Sources */,
				63D88BE6273E04E800665728 /* KeratinOrderController.swift in Sources */,
				A1A2B13B272A8A8A00943C9E /* BaseViewController.swift in Sources */,
				630C85A2274F7B5C001E6ED7 /* SettingMainViewController.swift in Sources */,
				63F3B7D02739106E00D4C6A8 /* DateExt.swift in Sources */,
				63E7746F273B744A00F197AC /* UIColorExt.swift in Sources */,
				630C85A7274F85BB001E6ED7 /* OrderRecordViewController.swift in Sources */,
				63B3870B27439F6800B4A1E3 /* LashOrderModel.swift in Sources */,
				63CD4F372733681A0085BD4C /* EntityGetHelper.swift in Sources */,
				A1A2B130272A831900943C9E /* ViewExt.swift in Sources */,
				637EA9C82754A18700C1DBE1 /* Customer+CoreDataClass.swift in Sources */,
				63CD4F6C27351D250085BD4C /* EntitySetHelper.swift in Sources */,
				636F34722750887700444DC9 /* OrderRecordModel.swift in Sources */,
				636F3474275089FD00444DC9 /* OrderRecordController.swift in Sources */,
				63CA9CAE275482AE00051F7A /* BillCheckController.swift in Sources */,
				63CD4F6E273521450085BD4C /* UserDefaultKey.swift in Sources */,
				A1ADDDED26E1F8E6000EBE9A /* SceneDelegate.swift in Sources */,
				A120DBDA27269215009B1C7E /* MainViewController.swift in Sources */,
				63D88BF52741FC2100665728 /* PayMethod+CoreDataClass.swift in Sources */,
				637EA9D9275612F800C1DBE1 /* ProductLashTop+CoreDataProperties.swift in Sources */,
				63ADE6D0275A1103002D1D6E /* CustomerDiscount+CoreDataProperties.swift in Sources */,
				63AA685D27576C2A00BD929B /* DiscountRule+CoreDataProperties.swift in Sources */,
				63E3672227425E8900FCCA77 /* ProductKeratin+CoreDataClass.swift in Sources */,
				63CD4F672734E04B0085BD4C /* EntityNameDefine.swift in Sources */,
				632214532744E35D003E330D /* SearchCustomsCell.swift in Sources */,
				63CD4F1F272BD8500085BD4C /* LashListViewController.swift in Sources */,
			);
			runOnlyForDeploymentPostprocessing = 0;
		};
		A1ADDDFC26E1F8E8000EBE9A /* Sources */ = {
			isa = PBXSourcesBuildPhase;
			buildActionMask = 2147483647;
			files = (
				63CD4F592733C1B10085BD4C /* CoreDataCRUDTest.swift in Sources */,
				63CD4F5A2733D3EF0085BD4C /* Kaleido.xcdatamodeld in Sources */,
				63CD4F702738D0630085BD4C /* EntitySetHelperTest.swift in Sources */,
			);
			runOnlyForDeploymentPostprocessing = 0;
		};
		A1ADDE0726E1F8E8000EBE9A /* Sources */ = {
			isa = PBXSourcesBuildPhase;
			buildActionMask = 2147483647;
			files = (
				A1ADDE1026E1F8E8000EBE9A /* KaleidoUITests.swift in Sources */,
			);
			runOnlyForDeploymentPostprocessing = 0;
		};
/* End PBXSourcesBuildPhase section */

/* Begin PBXTargetDependency section */
		A1ADDE0226E1F8E8000EBE9A /* PBXTargetDependency */ = {
			isa = PBXTargetDependency;
			target = A1ADDDE626E1F8E6000EBE9A /* Kaleido */;
			targetProxy = A1ADDE0126E1F8E8000EBE9A /* PBXContainerItemProxy */;
		};
		A1ADDE0D26E1F8E8000EBE9A /* PBXTargetDependency */ = {
			isa = PBXTargetDependency;
			target = A1ADDDE626E1F8E6000EBE9A /* Kaleido */;
			targetProxy = A1ADDE0C26E1F8E8000EBE9A /* PBXContainerItemProxy */;
		};
/* End PBXTargetDependency section */

/* Begin PBXVariantGroup section */
		A1ADDDF026E1F8E6000EBE9A /* Main.storyboard */ = {
			isa = PBXVariantGroup;
			children = (
				A1ADDDF126E1F8E6000EBE9A /* Base */,
			);
			name = Main.storyboard;
			sourceTree = "<group>";
		};
		A1ADDDF826E1F8E8000EBE9A /* LaunchScreen.storyboard */ = {
			isa = PBXVariantGroup;
			children = (
				A1ADDDF926E1F8E8000EBE9A /* Base */,
			);
			name = LaunchScreen.storyboard;
			sourceTree = "<group>";
		};
/* End PBXVariantGroup section */

/* Begin XCBuildConfiguration section */
		A1ADDE1226E1F8E8000EBE9A /* Debug */ = {
			isa = XCBuildConfiguration;
			buildSettings = {
				ALWAYS_SEARCH_USER_PATHS = NO;
				CLANG_ANALYZER_NONNULL = YES;
				CLANG_ANALYZER_NUMBER_OBJECT_CONVERSION = YES_AGGRESSIVE;
				CLANG_CXX_LANGUAGE_STANDARD = "gnu++14";
				CLANG_CXX_LIBRARY = "libc++";
				CLANG_ENABLE_MODULES = YES;
				CLANG_ENABLE_OBJC_ARC = YES;
				CLANG_ENABLE_OBJC_WEAK = YES;
				CLANG_WARN_BLOCK_CAPTURE_AUTORELEASING = YES;
				CLANG_WARN_BOOL_CONVERSION = YES;
				CLANG_WARN_COMMA = YES;
				CLANG_WARN_CONSTANT_CONVERSION = YES;
				CLANG_WARN_DEPRECATED_OBJC_IMPLEMENTATIONS = YES;
				CLANG_WARN_DIRECT_OBJC_ISA_USAGE = YES_ERROR;
				CLANG_WARN_DOCUMENTATION_COMMENTS = YES;
				CLANG_WARN_EMPTY_BODY = YES;
				CLANG_WARN_ENUM_CONVERSION = YES;
				CLANG_WARN_INFINITE_RECURSION = YES;
				CLANG_WARN_INT_CONVERSION = YES;
				CLANG_WARN_NON_LITERAL_NULL_CONVERSION = YES;
				CLANG_WARN_OBJC_IMPLICIT_RETAIN_SELF = YES;
				CLANG_WARN_OBJC_LITERAL_CONVERSION = YES;
				CLANG_WARN_OBJC_ROOT_CLASS = YES_ERROR;
				CLANG_WARN_QUOTED_INCLUDE_IN_FRAMEWORK_HEADER = YES;
				CLANG_WARN_RANGE_LOOP_ANALYSIS = YES;
				CLANG_WARN_STRICT_PROTOTYPES = YES;
				CLANG_WARN_SUSPICIOUS_MOVE = YES;
				CLANG_WARN_UNGUARDED_AVAILABILITY = YES_AGGRESSIVE;
				CLANG_WARN_UNREACHABLE_CODE = YES;
				CLANG_WARN__DUPLICATE_METHOD_MATCH = YES;
				COPY_PHASE_STRIP = NO;
				DEBUG_INFORMATION_FORMAT = dwarf;
				ENABLE_STRICT_OBJC_MSGSEND = YES;
				ENABLE_TESTABILITY = YES;
				GCC_C_LANGUAGE_STANDARD = gnu11;
				GCC_DYNAMIC_NO_PIC = NO;
				GCC_NO_COMMON_BLOCKS = YES;
				GCC_OPTIMIZATION_LEVEL = 0;
				GCC_PREPROCESSOR_DEFINITIONS = (
					"DEBUG=1",
					"$(inherited)",
				);
				GCC_WARN_64_TO_32_BIT_CONVERSION = YES;
				GCC_WARN_ABOUT_RETURN_TYPE = YES_ERROR;
				GCC_WARN_UNDECLARED_SELECTOR = YES;
				GCC_WARN_UNINITIALIZED_AUTOS = YES_AGGRESSIVE;
				GCC_WARN_UNUSED_FUNCTION = YES;
				GCC_WARN_UNUSED_VARIABLE = YES;
				IPHONEOS_DEPLOYMENT_TARGET = 14.5;
				MTL_ENABLE_DEBUG_INFO = INCLUDE_SOURCE;
				MTL_FAST_MATH = YES;
				ONLY_ACTIVE_ARCH = YES;
				SDKROOT = iphoneos;
				SWIFT_ACTIVE_COMPILATION_CONDITIONS = DEBUG;
				SWIFT_OPTIMIZATION_LEVEL = "-Onone";
			};
			name = Debug;
		};
		A1ADDE1326E1F8E8000EBE9A /* Release */ = {
			isa = XCBuildConfiguration;
			buildSettings = {
				ALWAYS_SEARCH_USER_PATHS = NO;
				CLANG_ANALYZER_NONNULL = YES;
				CLANG_ANALYZER_NUMBER_OBJECT_CONVERSION = YES_AGGRESSIVE;
				CLANG_CXX_LANGUAGE_STANDARD = "gnu++14";
				CLANG_CXX_LIBRARY = "libc++";
				CLANG_ENABLE_MODULES = YES;
				CLANG_ENABLE_OBJC_ARC = YES;
				CLANG_ENABLE_OBJC_WEAK = YES;
				CLANG_WARN_BLOCK_CAPTURE_AUTORELEASING = YES;
				CLANG_WARN_BOOL_CONVERSION = YES;
				CLANG_WARN_COMMA = YES;
				CLANG_WARN_CONSTANT_CONVERSION = YES;
				CLANG_WARN_DEPRECATED_OBJC_IMPLEMENTATIONS = YES;
				CLANG_WARN_DIRECT_OBJC_ISA_USAGE = YES_ERROR;
				CLANG_WARN_DOCUMENTATION_COMMENTS = YES;
				CLANG_WARN_EMPTY_BODY = YES;
				CLANG_WARN_ENUM_CONVERSION = YES;
				CLANG_WARN_INFINITE_RECURSION = YES;
				CLANG_WARN_INT_CONVERSION = YES;
				CLANG_WARN_NON_LITERAL_NULL_CONVERSION = YES;
				CLANG_WARN_OBJC_IMPLICIT_RETAIN_SELF = YES;
				CLANG_WARN_OBJC_LITERAL_CONVERSION = YES;
				CLANG_WARN_OBJC_ROOT_CLASS = YES_ERROR;
				CLANG_WARN_QUOTED_INCLUDE_IN_FRAMEWORK_HEADER = YES;
				CLANG_WARN_RANGE_LOOP_ANALYSIS = YES;
				CLANG_WARN_STRICT_PROTOTYPES = YES;
				CLANG_WARN_SUSPICIOUS_MOVE = YES;
				CLANG_WARN_UNGUARDED_AVAILABILITY = YES_AGGRESSIVE;
				CLANG_WARN_UNREACHABLE_CODE = YES;
				CLANG_WARN__DUPLICATE_METHOD_MATCH = YES;
				COPY_PHASE_STRIP = NO;
				DEBUG_INFORMATION_FORMAT = "dwarf-with-dsym";
				ENABLE_NS_ASSERTIONS = NO;
				ENABLE_STRICT_OBJC_MSGSEND = YES;
				GCC_C_LANGUAGE_STANDARD = gnu11;
				GCC_NO_COMMON_BLOCKS = YES;
				GCC_WARN_64_TO_32_BIT_CONVERSION = YES;
				GCC_WARN_ABOUT_RETURN_TYPE = YES_ERROR;
				GCC_WARN_UNDECLARED_SELECTOR = YES;
				GCC_WARN_UNINITIALIZED_AUTOS = YES_AGGRESSIVE;
				GCC_WARN_UNUSED_FUNCTION = YES;
				GCC_WARN_UNUSED_VARIABLE = YES;
				IPHONEOS_DEPLOYMENT_TARGET = 14.5;
				MTL_ENABLE_DEBUG_INFO = NO;
				MTL_FAST_MATH = YES;
				SDKROOT = iphoneos;
				SWIFT_COMPILATION_MODE = wholemodule;
				SWIFT_OPTIMIZATION_LEVEL = "-O";
				VALIDATE_PRODUCT = YES;
			};
			name = Release;
		};
		A1ADDE1526E1F8E8000EBE9A /* Debug */ = {
			isa = XCBuildConfiguration;
			buildSettings = {
				ASSETCATALOG_COMPILER_APPICON_NAME = AppIcon;
				ASSETCATALOG_COMPILER_GLOBAL_ACCENT_COLOR_NAME = AccentColor;
				CODE_SIGN_IDENTITY = "Apple Development";
				CODE_SIGN_STYLE = Automatic;
				DEVELOPMENT_TEAM = L9GNZ9RRBN;
				INFOPLIST_FILE = Kaleido/Info.plist;
				IPHONEOS_DEPLOYMENT_TARGET = 13.0;
				LD_RUNPATH_SEARCH_PATHS = (
					"$(inherited)",
					"@executable_path/Frameworks",
				);
				PRODUCT_BUNDLE_IDENTIFIER = "howlfu-gmail.com.Kaleido";
				PRODUCT_NAME = "$(TARGET_NAME)";
				PROVISIONING_PROFILE_SPECIFIER = "";
				SWIFT_VERSION = 5.0;
				TARGETED_DEVICE_FAMILY = 1;
			};
			name = Debug;
		};
		A1ADDE1626E1F8E8000EBE9A /* Release */ = {
			isa = XCBuildConfiguration;
			buildSettings = {
				ASSETCATALOG_COMPILER_APPICON_NAME = AppIcon;
				ASSETCATALOG_COMPILER_GLOBAL_ACCENT_COLOR_NAME = AccentColor;
				CODE_SIGN_IDENTITY = "Apple Development";
				CODE_SIGN_STYLE = Automatic;
				DEVELOPMENT_TEAM = L9GNZ9RRBN;
				INFOPLIST_FILE = Kaleido/Info.plist;
				IPHONEOS_DEPLOYMENT_TARGET = 13.0;
				LD_RUNPATH_SEARCH_PATHS = (
					"$(inherited)",
					"@executable_path/Frameworks",
				);
				PRODUCT_BUNDLE_IDENTIFIER = "howlfu-gmail.com.Kaleido";
				PRODUCT_NAME = "$(TARGET_NAME)";
				PROVISIONING_PROFILE_SPECIFIER = "";
				SWIFT_VERSION = 5.0;
				TARGETED_DEVICE_FAMILY = 1;
			};
			name = Release;
		};
		A1ADDE1826E1F8E8000EBE9A /* Debug */ = {
			isa = XCBuildConfiguration;
			buildSettings = {
				ALWAYS_EMBED_SWIFT_STANDARD_LIBRARIES = YES;
				BUNDLE_LOADER = "$(TEST_HOST)";
				CODE_SIGN_STYLE = Automatic;
				DEVELOPMENT_TEAM = L9GNZ9RRBN;
				INFOPLIST_FILE = KaleidoTests/Info.plist;
				IPHONEOS_DEPLOYMENT_TARGET = 14.5;
				LD_RUNPATH_SEARCH_PATHS = (
					"$(inherited)",
					"@executable_path/Frameworks",
					"@loader_path/Frameworks",
				);
				PRODUCT_BUNDLE_IDENTIFIER = "howlfu-gmail.com.KaleidoTests";
				PRODUCT_NAME = "$(TARGET_NAME)";
				SWIFT_VERSION = 5.0;
				TARGETED_DEVICE_FAMILY = "1,2";
				TEST_HOST = "$(BUILT_PRODUCTS_DIR)/Kaleido.app/Kaleido";
			};
			name = Debug;
		};
		A1ADDE1926E1F8E8000EBE9A /* Release */ = {
			isa = XCBuildConfiguration;
			buildSettings = {
				ALWAYS_EMBED_SWIFT_STANDARD_LIBRARIES = YES;
				BUNDLE_LOADER = "$(TEST_HOST)";
				CODE_SIGN_STYLE = Automatic;
				DEVELOPMENT_TEAM = L9GNZ9RRBN;
				INFOPLIST_FILE = KaleidoTests/Info.plist;
				IPHONEOS_DEPLOYMENT_TARGET = 14.5;
				LD_RUNPATH_SEARCH_PATHS = (
					"$(inherited)",
					"@executable_path/Frameworks",
					"@loader_path/Frameworks",
				);
				PRODUCT_BUNDLE_IDENTIFIER = "howlfu-gmail.com.KaleidoTests";
				PRODUCT_NAME = "$(TARGET_NAME)";
				SWIFT_VERSION = 5.0;
				TARGETED_DEVICE_FAMILY = "1,2";
				TEST_HOST = "$(BUILT_PRODUCTS_DIR)/Kaleido.app/Kaleido";
			};
			name = Release;
		};
		A1ADDE1B26E1F8E8000EBE9A /* Debug */ = {
			isa = XCBuildConfiguration;
			buildSettings = {
				ALWAYS_EMBED_SWIFT_STANDARD_LIBRARIES = YES;
				CODE_SIGN_STYLE = Automatic;
				DEVELOPMENT_TEAM = L9GNZ9RRBN;
				INFOPLIST_FILE = KaleidoUITests/Info.plist;
				LD_RUNPATH_SEARCH_PATHS = (
					"$(inherited)",
					"@executable_path/Frameworks",
					"@loader_path/Frameworks",
				);
				PRODUCT_BUNDLE_IDENTIFIER = "howlfu-gmail.com.KaleidoUITests";
				PRODUCT_NAME = "$(TARGET_NAME)";
				SWIFT_VERSION = 5.0;
				TARGETED_DEVICE_FAMILY = "1,2";
				TEST_TARGET_NAME = Kaleido;
			};
			name = Debug;
		};
		A1ADDE1C26E1F8E8000EBE9A /* Release */ = {
			isa = XCBuildConfiguration;
			buildSettings = {
				ALWAYS_EMBED_SWIFT_STANDARD_LIBRARIES = YES;
				CODE_SIGN_STYLE = Automatic;
				DEVELOPMENT_TEAM = L9GNZ9RRBN;
				INFOPLIST_FILE = KaleidoUITests/Info.plist;
				LD_RUNPATH_SEARCH_PATHS = (
					"$(inherited)",
					"@executable_path/Frameworks",
					"@loader_path/Frameworks",
				);
				PRODUCT_BUNDLE_IDENTIFIER = "howlfu-gmail.com.KaleidoUITests";
				PRODUCT_NAME = "$(TARGET_NAME)";
				SWIFT_VERSION = 5.0;
				TARGETED_DEVICE_FAMILY = "1,2";
				TEST_TARGET_NAME = Kaleido;
			};
			name = Release;
		};
/* End XCBuildConfiguration section */

/* Begin XCConfigurationList section */
		A1ADDDE226E1F8E6000EBE9A /* Build configuration list for PBXProject "Kaleido" */ = {
			isa = XCConfigurationList;
			buildConfigurations = (
				A1ADDE1226E1F8E8000EBE9A /* Debug */,
				A1ADDE1326E1F8E8000EBE9A /* Release */,
			);
			defaultConfigurationIsVisible = 0;
			defaultConfigurationName = Release;
		};
		A1ADDE1426E1F8E8000EBE9A /* Build configuration list for PBXNativeTarget "Kaleido" */ = {
			isa = XCConfigurationList;
			buildConfigurations = (
				A1ADDE1526E1F8E8000EBE9A /* Debug */,
				A1ADDE1626E1F8E8000EBE9A /* Release */,
			);
			defaultConfigurationIsVisible = 0;
			defaultConfigurationName = Release;
		};
		A1ADDE1726E1F8E8000EBE9A /* Build configuration list for PBXNativeTarget "KaleidoTests" */ = {
			isa = XCConfigurationList;
			buildConfigurations = (
				A1ADDE1826E1F8E8000EBE9A /* Debug */,
				A1ADDE1926E1F8E8000EBE9A /* Release */,
			);
			defaultConfigurationIsVisible = 0;
			defaultConfigurationName = Release;
		};
		A1ADDE1A26E1F8E8000EBE9A /* Build configuration list for PBXNativeTarget "KaleidoUITests" */ = {
			isa = XCConfigurationList;
			buildConfigurations = (
				A1ADDE1B26E1F8E8000EBE9A /* Debug */,
				A1ADDE1C26E1F8E8000EBE9A /* Release */,
			);
			defaultConfigurationIsVisible = 0;
			defaultConfigurationName = Release;
		};
/* End XCConfigurationList section */

/* Begin XCVersionGroup section */
		A1ADDDF326E1F8E6000EBE9A /* Kaleido.xcdatamodeld */ = {
			isa = XCVersionGroup;
			children = (
				A1ADDDF426E1F8E6000EBE9A /* Kaleido.xcdatamodel */,
			);
			currentVersion = A1ADDDF426E1F8E6000EBE9A /* Kaleido.xcdatamodel */;
			path = Kaleido.xcdatamodeld;
			sourceTree = "<group>";
			versionGroupType = wrapper.xcdatamodel;
		};
/* End XCVersionGroup section */
	};
	rootObject = A1ADDDDF26E1F8E6000EBE9A /* Project object */;
}
